
Microsoft Visual Studio Solution File, Format Version 12.00
# Visual Studio Version 17
VisualStudioVersion = 17.11.35312.102
MinimumVisualStudioVersion = 10.0.40219.1
Project("{FAE04EC0-301F-11D3-BF4B-00C04F79EFBC}") = "SchoolApp.Api", "SchoolApp.Api.csproj", "{A2890B5E-B069-4D20-B5D2-9778C24A86C1}"
EndProject
Project("{FAE04EC0-301F-11D3-BF4B-00C04F79EFBC}") = "SchoolApp.Domain", "..\SchoolApp.Domain\SchoolApp.Domain.csproj", "{89F45666-0D14-418C-8B89-E1E243AA2130}"
EndProject
Project("{FAE04EC0-301F-11D3-BF4B-00C04F79EFBC}") = "SchoolApp.Infrastructure", "..\SchoolApp.Infrastructure\SchoolApp.Infrastructure.csproj", "{DE696BEE-C39D-4E98-8FD2-C955279ED9CF}"
EndProject
Project("{FAE04EC0-301F-11D3-BF4B-00C04F79EFBC}") = "SchoolApp.Application", "..\SchoolApp.Application\SchoolApp.Application.csproj", "{41E18695-C1FE-4727-9B9D-C5B34F29969A}"
EndProject
Global
	GlobalSection(SolutionConfigurationPlatforms) = preSolution
		Debug|Any CPU = Debug|Any CPU
		Release|Any CPU = Release|Any CPU
	EndGlobalSection
	GlobalSection(ProjectConfigurationPlatforms) = postSolution
		{A2890B5E-B069-4D20-B5D2-9778C24A86C1}.Debug|Any CPU.ActiveCfg = Debug|Any CPU
		{A2890B5E-B069-4D20-B5D2-9778C24A86C1}.Debug|Any CPU.Build.0 = Debug|Any CPU
		{A2890B5E-B069-4D20-B5D2-9778C24A86C1}.Release|Any CPU.ActiveCfg = Release|Any CPU
		{A2890B5E-B069-4D20-B5D2-9778C24A86C1}.Release|Any CPU.Build.0 = Release|Any CPU
		{89F45666-0D14-418C-8B89-E1E243AA2130}.Debug|Any CPU.ActiveCfg = Debug|Any CPU
		{89F45666-0D14-418C-8B89-E1E243AA2130}.Debug|Any CPU.Build.0 = Debug|Any CPU
		{89F45666-0D14-418C-8B89-E1E243AA2130}.Release|Any CPU.ActiveCfg = Release|Any CPU
		{89F45666-0D14-418C-8B89-E1E243AA2130}.Release|Any CPU.Build.0 = Release|Any CPU
		{DE696BEE-C39D-4E98-8FD2-C955279ED9CF}.Debug|Any CPU.ActiveCfg = Debug|Any CPU
		{DE696BEE-C39D-4E98-8FD2-C955279ED9CF}.Debug|Any CPU.Build.0 = Debug|Any CPU
		{DE696BEE-C39D-4E98-8FD2-C955279ED9CF}.Release|Any CPU.ActiveCfg = Release|Any CPU
		{DE696BEE-C39D-4E98-8FD2-C955279ED9CF}.Release|Any CPU.Build.0 = Release|Any CPU
		{41E18695-C1FE-4727-9B9D-C5B34F29969A}.Debug|Any CPU.ActiveCfg = Debug|Any CPU
		{41E18695-C1FE-4727-9B9D-C5B34F29969A}.Debug|Any CPU.Build.0 = Debug|Any CPU
		{41E18695-C1FE-4727-9B9D-C5B34F29969A}.Release|Any CPU.ActiveCfg = Release|Any CPU
		{41E18695-C1FE-4727-9B9D-C5B34F29969A}.Release|Any CPU.Build.0 = Release|Any CPU
	EndGlobalSection
	GlobalSection(SolutionProperties) = preSolution
		HideSolutionNode = FALSE
	EndGlobalSection
	GlobalSection(ExtensibilityGlobals) = postSolution
		SolutionGuid = {99CF966F-6D57-466D-95E2-04AAED5C16CD}
	EndGlobalSection
EndGlobal
